
Microsoft Visual Studio Solution File, Format Version 12.00
# Visual Studio Version 17
VisualStudioVersion = 17.0.31903.59
MinimumVisualStudioVersion = 10.0.40219.1
Project("{FAE04EC0-301F-11D3-BF4B-00C04F79EFBC}") = "API", "API\API.csproj", "{2222590B-283A-4513-852A-37799D75F3A7}"
EndProject
Project("{FAE04EC0-301F-11D3-BF4B-00C04F79EFBC}") = "Entities", "Entities\Entities.csproj", "{6F0E30B9-8C54-4832-85CA-817863A0FAF2}"
EndProject
Project("{FAE04EC0-301F-11D3-BF4B-00C04F79EFBC}") = "Infrastructure", "Infrastructure\Infrastructure.csproj", "{457279A0-E10D-453E-BAD5-B89E5FE9C4E2}"
EndProject
Global
	GlobalSection(SolutionConfigurationPlatforms) = preSolution
		Debug|Any CPU = Debug|Any CPU
		Release|Any CPU = Release|Any CPU
	EndGlobalSection
	GlobalSection(SolutionProperties) = preSolution
		HideSolutionNode = FALSE
	EndGlobalSection
	GlobalSection(ProjectConfigurationPlatforms) = postSolution
		{2222590B-283A-4513-852A-37799D75F3A7}.Debug|Any CPU.ActiveCfg = Debug|Any CPU
		{2222590B-283A-4513-852A-37799D75F3A7}.Debug|Any CPU.Build.0 = Debug|Any CPU
		{2222590B-283A-4513-852A-37799D75F3A7}.Release|Any CPU.ActiveCfg = Release|Any CPU
		{2222590B-283A-4513-852A-37799D75F3A7}.Release|Any CPU.Build.0 = Release|Any CPU
		{6F0E30B9-8C54-4832-85CA-817863A0FAF2}.Debug|Any CPU.ActiveCfg = Debug|Any CPU
		{6F0E30B9-8C54-4832-85CA-817863A0FAF2}.Debug|Any CPU.Build.0 = Debug|Any CPU
		{6F0E30B9-8C54-4832-85CA-817863A0FAF2}.Release|Any CPU.ActiveCfg = Release|Any CPU
		{6F0E30B9-8C54-4832-85CA-817863A0FAF2}.Release|Any CPU.Build.0 = Release|Any CPU
		{457279A0-E10D-453E-BAD5-B89E5FE9C4E2}.Debug|Any CPU.ActiveCfg = Debug|Any CPU
		{457279A0-E10D-453E-BAD5-B89E5FE9C4E2}.Debug|Any CPU.Build.0 = Debug|Any CPU
		{457279A0-E10D-453E-BAD5-B89E5FE9C4E2}.Release|Any CPU.ActiveCfg = Release|Any CPU
		{457279A0-E10D-453E-BAD5-B89E5FE9C4E2}.Release|Any CPU.Build.0 = Release|Any CPU
	EndGlobalSection
EndGlobal
